PODS:
  - JTThresh (0.1.0):
    - SDWebImage (~> 5.11.0)
  - SDWebImage (5.11.0):
    - SDWebImage/Core (= 5.11.0)
  - SDWebImage/Core (5.11.0)

DEPENDENCIES:
  - JTThresh (from `../`)
  - SDWebImage

SPEC REPOS:
  trunk:
    - SDWebImage

EXTERNAL SOURCES:
  JTThresh:
    :path: "../"

SPEC CHECKSUMS:
  JTThresh: 1061dfd6c2ee300bf8fc10299ba657a4cc12b178
  SDWebImage: 7acbb57630ac7db4a495547fb73916ff3e432f6b

PODFILE CHECKSUM: cb8b280b2e3d34bfa2fca15e12e1d1ddcdf656eb

COCOAPODS: 1.10.0
